
Microsoft Visual Studio Solution File, Format Version 12.00
# Visual Studio Version 17
VisualStudioVersion = 17.5.33516.290
MinimumVisualStudioVersion = 10.0.40219.1
Project("{FAE04EC0-301F-11D3-BF4B-00C04F79EFBC}") = "2 Fun if-else statements", "2 Fun if-else statements.csproj", "{AD46EFDA-51FB-473E-B2CE-992C406C70EB}"
EndProject
Global
	GlobalSection(SolutionConfigurationPlatforms) = preSolution
		Debug|Any CPU = Debug|Any CPU
		Release|Any CPU = Release|Any CPU
	EndGlobalSection
	GlobalSection(ProjectConfigurationPlatforms) = postSolution
		{AD46EFDA-51FB-473E-B2CE-992C406C70EB}.Debug|Any CPU.ActiveCfg = Debug|Any CPU
		{AD46EFDA-51FB-473E-B2CE-992C406C70EB}.Debug|Any CPU.Build.0 = Debug|Any CPU
		{AD46EFDA-51FB-473E-B2CE-992C406C70EB}.Release|Any CPU.ActiveCfg = Release|Any CPU
		{AD46EFDA-51FB-473E-B2CE-992C406C70EB}.Release|Any CPU.Build.0 = Release|Any CPU
	EndGlobalSection
	GlobalSection(SolutionProperties) = preSolution
		HideSolutionNode = FALSE
	EndGlobalSection
	GlobalSection(ExtensibilityGlobals) = postSolution
		SolutionGuid = {6FC902D3-6C01-4121-AB95-DD9AE31967D7}
	EndGlobalSection
EndGlobal
